
Microsoft Visual Studio Solution File, Format Version 12.00
# Visual Studio 15
VisualStudioVersion = 15.0.26124.0
MinimumVisualStudioVersion = 15.0.26124.0
Project("{9A19103F-16F7-4668-BE54-9A1E7A4F7556}") = "PrimeService", "PrimeService\PrimeService.csproj", "{09574C6E-F46A-480D-B83D-20FD20357F0A}"
EndProject
Project("{9A19103F-16F7-4668-BE54-9A1E7A4F7556}") = "PrimeService.Tests", "PrimeService.Tests\PrimeService.Tests.csproj", "{8AC3A28F-03A2-48E6-99F9-93C07FE96F7D}"
EndProject
Global
	GlobalSection(SolutionConfigurationPlatforms) = preSolution
		Clean|Any CPU = Clean|Any CPU
		Clean|x64 = Clean|x64
		Clean|x86 = Clean|x86
		Debug|Any CPU = Debug|Any CPU
		Debug|x64 = Debug|x64
		Debug|x86 = Debug|x86
		Release|Any CPU = Release|Any CPU
		Release|x64 = Release|x64
		Release|x86 = Release|x86
	EndGlobalSection
	GlobalSection(ProjectConfigurationPlatforms) = postSolution
		{09574C6E-F46A-480D-B83D-20FD20357F0A}.Clean|Any CPU.ActiveCfg = Clean|Any CPU
		{09574C6E-F46A-480D-B83D-20FD20357F0A}.Clean|Any CPU.Build.0 = Clean|Any CPU
		{09574C6E-F46A-480D-B83D-20FD20357F0A}.Clean|x64.ActiveCfg = Clean|x64
		{09574C6E-F46A-480D-B83D-20FD20357F0A}.Clean|x64.Build.0 = Clean|x64
		{09574C6E-F46A-480D-B83D-20FD20357F0A}.Clean|x86.ActiveCfg = Clean|x86
		{09574C6E-F46A-480D-B83D-20FD20357F0A}.Clean|x86.Build.0 = Clean|x86
		{09574C6E-F46A-480D-B83D-20FD20357F0A}.Debug|Any CPU.ActiveCfg = Debug|Any CPU
		{09574C6E-F46A-480D-B83D-20FD20357F0A}.Debug|Any CPU.Build.0 = Debug|Any CPU
		{09574C6E-F46A-480D-B83D-20FD20357F0A}.Debug|x64.ActiveCfg = Debug|Any CPU
		{09574C6E-F46A-480D-B83D-20FD20357F0A}.Debug|x64.Build.0 = Debug|Any CPU
		{09574C6E-F46A-480D-B83D-20FD20357F0A}.Debug|x86.ActiveCfg = Debug|Any CPU
		{09574C6E-F46A-480D-B83D-20FD20357F0A}.Debug|x86.Build.0 = Debug|Any CPU
		{09574C6E-F46A-480D-B83D-20FD20357F0A}.Release|Any CPU.ActiveCfg = Release|Any CPU
		{09574C6E-F46A-480D-B83D-20FD20357F0A}.Release|Any CPU.Build.0 = Release|Any CPU
		{09574C6E-F46A-480D-B83D-20FD20357F0A}.Release|x64.ActiveCfg = Release|x64
		{09574C6E-F46A-480D-B83D-20FD20357F0A}.Release|x64.Build.0 = Release|x64
		{09574C6E-F46A-480D-B83D-20FD20357F0A}.Release|x86.ActiveCfg = Release|x86
		{09574C6E-F46A-480D-B83D-20FD20357F0A}.Release|x86.Build.0 = Release|x86
		{8AC3A28F-03A2-48E6-99F9-93C07FE96F7D}.Clean|Any CPU.ActiveCfg = Clean|Any CPU
		{8AC3A28F-03A2-48E6-99F9-93C07FE96F7D}.Clean|Any CPU.Build.0 = Clean|Any CPU
		{8AC3A28F-03A2-48E6-99F9-93C07FE96F7D}.Clean|x64.ActiveCfg = Clean|x64
		{8AC3A28F-03A2-48E6-99F9-93C07FE96F7D}.Clean|x64.Build.0 = Clean|x64
		{8AC3A28F-03A2-48E6-99F9-93C07FE96F7D}.Clean|x86.ActiveCfg = Clean|x86
		{8AC3A28F-03A2-48E6-99F9-93C07FE96F7D}.Clean|x86.Build.0 = Clean|x86
		{8AC3A28F-03A2-48E6-99F9-93C07FE96F7D}.Debug|Any CPU.ActiveCfg = Debug|Any CPU
		{8AC3A28F-03A2-48E6-99F9-93C07FE96F7D}.Debug|Any CPU.Build.0 = Debug|Any CPU
		{8AC3A28F-03A2-48E6-99F9-93C07FE96F7D}.Debug|x64.ActiveCfg = Debug|Any CPU
		{8AC3A28F-03A2-48E6-99F9-93C07FE96F7D}.Debug|x64.Build.0 = Debug|Any CPU
		{8AC3A28F-03A2-48E6-99F9-93C07FE96F7D}.Debug|x86.ActiveCfg = Debug|Any CPU
		{8AC3A28F-03A2-48E6-99F9-93C07FE96F7D}.Debug|x86.Build.0 = Debug|Any CPU
		{8AC3A28F-03A2-48E6-99F9-93C07FE96F7D}.Release|Any CPU.ActiveCfg = Release|Any CPU
		{8AC3A28F-03A2-48E6-99F9-93C07FE96F7D}.Release|Any CPU.Build.0 = Release|Any CPU
		{8AC3A28F-03A2-48E6-99F9-93C07FE96F7D}.Release|x64.ActiveCfg = Release|x64
		{8AC3A28F-03A2-48E6-99F9-93C07FE96F7D}.Release|x64.Build.0 = Release|x64
		{8AC3A28F-03A2-48E6-99F9-93C07FE96F7D}.Release|x86.ActiveCfg = Release|x86
		{8AC3A28F-03A2-48E6-99F9-93C07FE96F7D}.Release|x86.Build.0 = Release|x86
	EndGlobalSection
	GlobalSection(SolutionProperties) = preSolution
		HideSolutionNode = FALSE
	EndGlobalSection
	GlobalSection(ExtensibilityGlobals) = postSolution
		SolutionGuid = {A3892563-60BF-40D0-9FE1-E7FF19FBA5D6}
	EndGlobalSection
EndGlobal
